// !$*UTF8*$!
{
	archiveVersion = 1;
	classes = {
	};
	objectVersion = 55;
	objects = {

/* Begin PBXBuildFile section */
		067D4CEE28C8E8D300F9EBB4 /* SecondViewController.swift in Sources */ = {isa = PBXBuildFile; fileRef = 067D4CED28C8E8D300F9EBB4 /* SecondViewController.swift */; };
		0683644528C7D9CD0095FEA4 /* AppDelegate.swift in Sources */ = {isa = PBXBuildFile; fileRef = 0683644428C7D9CD0095FEA4 /* AppDelegate.swift */; };
		0683644728C7D9CD0095FEA4 /* SceneDelegate.swift in Sources */ = {isa = PBXBuildFile; fileRef = 0683644628C7D9CD0095FEA4 /* SceneDelegate.swift */; };
		0683644928C7D9CD0095FEA4 /* ViewController.swift in Sources */ = {isa = PBXBuildFile; fileRef = 0683644828C7D9CD0095FEA4 /* ViewController.swift */; };
		0683644C28C7D9CD0095FEA4 /* Main.storyboard in Resources */ = {isa = PBXBuildFile; fileRef = 0683644A28C7D9CD0095FEA4 /* Main.storyboard */; };
		0683644E28C7D9D20095FEA4 /* Assets.xcassets in Resources */ = {isa = PBXBuildFile; fileRef = 0683644D28C7D9D20095FEA4 /* Assets.xcassets */; };
		0683645128C7D9D20095FEA4 /* LaunchScreen.storyboard in Resources */ = {isa = PBXBuildFile; fileRef = 0683644F28C7D9D20095FEA4 /* LaunchScreen.storyboard */; };
		0683645C28C7D9D30095FEA4 /* LifeCycleTests.swift in Sources */ = {isa = PBXBuildFile; fileRef = 0683645B28C7D9D30095FEA4 /* LifeCycleTests.swift */; };
		0683646628C7D9D30095FEA4 /* LifeCycleUITests.swift in Sources */ = {isa = PBXBuildFile; fileRef = 0683646528C7D9D30095FEA4 /* LifeCycleUITests.swift */; };
		0683646828C7D9D30095FEA4 /* LifeCycleUITestsLaunchTests.swift in Sources */ = {isa = PBXBuildFile; fileRef = 0683646728C7D9D30095FEA4 /* LifeCycleUITestsLaunchTests.swift */; };
/* End PBXBuildFile section */

/* Begin PBXContainerItemProxy section */
		0683645828C7D9D20095FEA4 /* PBXContainerItemProxy */ = {
			isa = PBXContainerItemProxy;
			containerPortal = 0683643928C7D9CD0095FEA4 /* Project object */;
			proxyType = 1;
			remoteGlobalIDString = 0683644028C7D9CD0095FEA4;
			remoteInfo = LifeCycle;
		};
		0683646228C7D9D30095FEA4 /* PBXContainerItemProxy */ = {
			isa = PBXContainerItemProxy;
			containerPortal = 0683643928C7D9CD0095FEA4 /* Project object */;
			proxyType = 1;
			remoteGlobalIDString = 0683644028C7D9CD0095FEA4;
			remoteInfo = LifeCycle;
		};
/* End PBXContainerItemProxy section */

/* Begin PBXFileReference section */
		067D4CED28C8E8D300F9EBB4 /* SecondViewController.swift */ = {isa = PBXFileReference; lastKnownFileType = sourcecode.swift; path = SecondViewController.swift; sourceTree = "<group>"; };
		0683644128C7D9CD0095FEA4 /* LifeCycle.app */ = {isa = PBXFileReference; explicitFileType = wrapper.application; includeInIndex = 0; path = LifeCycle.app; sourceTree = BUILT_PRODUCTS_DIR; };
		0683644428C7D9CD0095FEA4 /* AppDelegate.swift */ = {isa = PBXFileReference; lastKnownFileType = sourcecode.swift; path = AppDelegate.swift; sourceTree = "<group>"; };
		0683644628C7D9CD0095FEA4 /* SceneDelegate.swift */ = {isa = PBXFileReference; lastKnownFileType = sourcecode.swift; path = SceneDelegate.swift; sourceTree = "<group>"; };
		0683644828C7D9CD0095FEA4 /* ViewController.swift */ = {isa = PBXFileReference; lastKnownFileType = sourcecode.swift; path = ViewController.swift; sourceTree = "<group>"; };
		0683644B28C7D9CD0095FEA4 /* Base */ = {isa = PBXFileReference; lastKnownFileType = file.storyboard; name = Base; path = Base.lproj/Main.storyboard; sourceTree = "<group>"; };
		0683644D28C7D9D20095FEA4 /* Assets.xcassets */ = {isa = PBXFileReference; lastKnownFileType = folder.assetcatalog; path = Assets.xcassets; sourceTree = "<group>"; };
		0683645028C7D9D20095FEA4 /* Base */ = {isa = PBXFileReference; lastKnownFileType = file.storyboard; name = Base; path = Base.lproj/LaunchScreen.storyboard; sourceTree = "<group>"; };
		0683645228C7D9D20095FEA4 /* Info.plist */ = {isa = PBXFileReference; lastKnownFileType = text.plist.xml; path = Info.plist; sourceTree = "<group>"; };
		0683645728C7D9D20095FEA4 /* LifeCycleTests.xctest */ = {isa = PBXFileReference; explicitFileType = wrapper.cfbundle; includeInIndex = 0; path = LifeCycleTests.xctest; sourceTree = BUILT_PRODUCTS_DIR; };
		0683645B28C7D9D30095FEA4 /* LifeCycleTests.swift */ = {isa = PBXFileReference; lastKnownFileType = sourcecode.swift; path = LifeCycleTests.swift; sourceTree = "<group>"; };
		0683646128C7D9D30095FEA4 /* LifeCycleUITests.xctest */ = {isa = PBXFileReference; explicitFileType = wrapper.cfbundle; includeInIndex = 0; path = LifeCycleUITests.xctest; sourceTree = BUILT_PRODUCTS_DIR; };
		0683646528C7D9D30095FEA4 /* LifeCycleUITests.swift */ = {isa = PBXFileReference; lastKnownFileType = sourcecode.swift; path = LifeCycleUITests.swift; sourceTree = "<group>"; };
		0683646728C7D9D30095FEA4 /* LifeCycleUITestsLaunchTests.swift */ = {isa = PBXFileReference; lastKnownFileType = sourcecode.swift; path = LifeCycleUITestsLaunchTests.swift; sourceTree = "<group>"; };
/* End PBXFileReference section */

/* Begin PBXFrameworksBuildPhase section */
		0683643E28C7D9CD0095FEA4 /* Frameworks */ = {
			isa = PBXFrameworksBuildPhase;
			buildActionMask = 2147483647;
			files = (
			);
			runOnlyForDeploymentPostprocessing = 0;
		};
		0683645428C7D9D20095FEA4 /* Frameworks */ = {
			isa = PBXFrameworksBuildPhase;
			buildActionMask = 2147483647;
			files = (
			);
			runOnlyForDeploymentPostprocessing = 0;
		};
		0683645E28C7D9D30095FEA4 /* Frameworks */ = {
			isa = PBXFrameworksBuildPhase;
			buildActionMask = 2147483647;
			files = (
			);
			runOnlyForDeploymentPostprocessing = 0;
		};
/* End PBXFrameworksBuildPhase section */

/* Begin PBXGroup section */
		0683643828C7D9CD0095FEA4 = {
			isa = PBXGroup;
			children = (
				067D4CED28C8E8D300F9EBB4 /* SecondViewController.swift */,
				0683644328C7D9CD0095FEA4 /* LifeCycle */,
				0683645A28C7D9D30095FEA4 /* LifeCycleTests */,
				0683646428C7D9D30095FEA4 /* LifeCycleUITests */,
				0683644228C7D9CD0095FEA4 /* Products */,
			);
			sourceTree = "<group>";
		};
		0683644228C7D9CD0095FEA4 /* Products */ = {
			isa = PBXGroup;
			children = (
				0683644128C7D9CD0095FEA4 /* LifeCycle.app */,
				0683645728C7D9D20095FEA4 /* LifeCycleTests.xctest */,
				0683646128C7D9D30095FEA4 /* LifeCycleUITests.xctest */,
			);
			name = Products;
			sourceTree = "<group>";
		};
		0683644328C7D9CD0095FEA4 /* LifeCycle */ = {
			isa = PBXGroup;
			children = (
				0683644428C7D9CD0095FEA4 /* AppDelegate.swift */,
				0683644628C7D9CD0095FEA4 /* SceneDelegate.swift */,
				0683644828C7D9CD0095FEA4 /* ViewController.swift */,
				0683644A28C7D9CD0095FEA4 /* Main.storyboard */,
				0683644D28C7D9D20095FEA4 /* Assets.xcassets */,
				0683644F28C7D9D20095FEA4 /* LaunchScreen.storyboard */,
				0683645228C7D9D20095FEA4 /* Info.plist */,
			);
			path = LifeCycle;
			sourceTree = "<group>";
		};
		0683645A28C7D9D30095FEA4 /* LifeCycleTests */ = {
			isa = PBXGroup;
			children = (
				0683645B28C7D9D30095FEA4 /* LifeCycleTests.swift */,
			);
			path = LifeCycleTests;
			sourceTree = "<group>";
		};
		0683646428C7D9D30095FEA4 /* LifeCycleUITests */ = {
			isa = PBXGroup;
			children = (
				0683646528C7D9D30095FEA4 /* LifeCycleUITests.swift */,
				0683646728C7D9D30095FEA4 /* LifeCycleUITestsLaunchTests.swift */,
			);
			path = LifeCycleUITests;
			sourceTree = "<group>";
		};
/* End PBXGroup section */

/* Begin PBXNativeTarget section */
		0683644028C7D9CD0095FEA4 /* LifeCycle */ = {
			isa = PBXNativeTarget;
			buildConfigurationList = 0683646B28C7D9D30095FEA4 /* Build configuration list for PBXNativeTarget "LifeCycle" */;
			buildPhases = (
				0683643D28C7D9CD0095FEA4 /* Sources */,
				0683643E28C7D9CD0095FEA4 /* Frameworks */,
				0683643F28C7D9CD0095FEA4 /* Resources */,
			);
			buildRules = (
			);
			dependencies = (
			);
			name = LifeCycle;
			productName = LifeCycle;
			productReference = 0683644128C7D9CD0095FEA4 /* LifeCycle.app */;
			productType = "com.apple.product-type.application";
		};
		0683645628C7D9D20095FEA4 /* LifeCycleTests */ = {
			isa = PBXNativeTarget;
			buildConfigurationList = 0683646E28C7D9D30095FEA4 /* Build configuration list for PBXNativeTarget "LifeCycleTests" */;
			buildPhases = (
				0683645328C7D9D20095FEA4 /* Sources */,
				0683645428C7D9D20095FEA4 /* Frameworks */,
				0683645528C7D9D20095FEA4 /* Resources */,
			);
			buildRules = (
			);
			dependencies = (
				0683645928C7D9D20095FEA4 /* PBXTargetDependency */,
			);
			name = LifeCycleTests;
			productName = LifeCycleTests;
			productReference = 0683645728C7D9D20095FEA4 /* LifeCycleTests.xctest */;
			productType = "com.apple.product-type.bundle.unit-test";
		};
		0683646028C7D9D30095FEA4 /* LifeCycleUITests */ = {
			isa = PBXNativeTarget;
			buildConfigurationList = 0683647128C7D9D30095FEA4 /* Build configuration list for PBXNativeTarget "LifeCycleUITests" */;
			buildPhases = (
				0683645D28C7D9D30095FEA4 /* Sources */,
				0683645E28C7D9D30095FEA4 /* Frameworks */,
				0683645F28C7D9D30095FEA4 /* Resources */,
			);
			buildRules = (
			);
			dependencies = (
				0683646328C7D9D30095FEA4 /* PBXTargetDependency */,
			);
			name = LifeCycleUITests;
			productName = LifeCycleUITests;
			productReference = 0683646128C7D9D30095FEA4 /* LifeCycleUITests.xctest */;
			productType = "com.apple.product-type.bundle.ui-testing";
		};
/* End PBXNativeTarget section */

/* Begin PBXProject section */
		0683643928C7D9CD0095FEA4 /* Project object */ = {
			isa = PBXProject;
			attributes = {
				BuildIndependentTargetsInParallel = 1;
				LastSwiftUpdateCheck = 1340;
				LastUpgradeCheck = 1340;
				TargetAttributes = {
					0683644028C7D9CD0095FEA4 = {
						CreatedOnToolsVersion = 13.4.1;
					};
					0683645628C7D9D20095FEA4 = {
						CreatedOnToolsVersion = 13.4.1;
						TestTargetID = 0683644028C7D9CD0095FEA4;
					};
					0683646028C7D9D30095FEA4 = {
						CreatedOnToolsVersion = 13.4.1;
						TestTargetID = 0683644028C7D9CD0095FEA4;
					};
				};
			};
			buildConfigurationList = 0683643C28C7D9CD0095FEA4 /* Build configuration list for PBXProject "LifeCycle" */;
			compatibilityVersion = "Xcode 13.0";
			developmentRegion = en;
			hasScannedForEncodings = 0;
			knownRegions = (
				en,
				Base,
			);
			mainGroup = 0683643828C7D9CD0095FEA4;
			productRefGroup = 0683644228C7D9CD0095FEA4 /* Products */;
			projectDirPath = "";
			projectRoot = "";
			targets = (
				0683644028C7D9CD0095FEA4 /* LifeCycle */,
				0683645628C7D9D20095FEA4 /* LifeCycleTests */,
				0683646028C7D9D30095FEA4 /* LifeCycleUITests */,
			);
		};
/* End PBXProject section */

/* Begin PBXResourcesBuildPhase section */
		0683643F28C7D9CD0095FEA4 /* Resources */ = {
			isa = PBXResourcesBuildPhase;
			buildActionMask = 2147483647;
			files = (
				0683645128C7D9D20095FEA4 /* LaunchScreen.storyboard in Resources */,
				0683644E28C7D9D20095FEA4 /* Assets.xcassets in Resources */,
				0683644C28C7D9CD0095FEA4 /* Main.storyboard in Resources */,
			);
			runOnlyForDeploymentPostprocessing = 0;
		};
		0683645528C7D9D20095FEA4 /* Resources */ = {
			isa = PBXResourcesBuildPhase;
			buildActionMask = 2147483647;
			files = (
			);
			runOnlyForDeploymentPostprocessing = 0;
		};
		0683645F28C7D9D30095FEA4 /* Resources */ = {
			isa = PBXResourcesBuildPhase;
			buildActionMask = 2147483647;
			files = (
			);
			runOnlyForDeploymentPostprocessing = 0;
		};
/* End PBXResourcesBuildPhase section */

/* Begin PBXSourcesBuildPhase section */
		0683643D28C7D9CD0095FEA4 /* Sources */ = {
			isa = PBXSourcesBuildPhase;
			buildActionMask = 2147483647;
			files = (
				067D4CEE28C8E8D300F9EBB4 /* SecondViewController.swift in Sources */,
				0683644928C7D9CD0095FEA4 /* ViewController.swift in Sources */,
				0683644528C7D9CD0095FEA4 /* AppDelegate.swift in Sources */,
				0683644728C7D9CD0095FEA4 /* SceneDelegate.swift in Sources */,
			);
			runOnlyForDeploymentPostprocessing = 0;
		};
		0683645328C7D9D20095FEA4 /* Sources */ = {
			isa = PBXSourcesBuildPhase;
			buildActionMask = 2147483647;
			files = (
				0683645C28C7D9D30095FEA4 /* LifeCycleTests.swift in Sources */,
			);
			runOnlyForDeploymentPostprocessing = 0;
		};
		0683645D28C7D9D30095FEA4 /* Sources */ = {
			isa = PBXSourcesBuildPhase;
			buildActionMask = 2147483647;
			files = (
				0683646628C7D9D30095FEA4 /* LifeCycleUITests.swift in Sources */,
				0683646828C7D9D30095FEA4 /* LifeCycleUITestsLaunchTests.swift in Sources */,
			);
			runOnlyForDeploymentPostprocessing = 0;
		};
/* End PBXSourcesBuildPhase section */

/* Begin PBXTargetDependency section */
		0683645928C7D9D20095FEA4 /* PBXTargetDependency */ = {
			isa = PBXTargetDependency;
			target = 0683644028C7D9CD0095FEA4 /* LifeCycle */;
			targetProxy = 0683645828C7D9D20095FEA4 /* PBXContainerItemProxy */;
		};
		0683646328C7D9D30095FEA4 /* PBXTargetDependency */ = {
			isa = PBXTargetDependency;
			target = 0683644028C7D9CD0095FEA4 /* LifeCycle */;
			targetProxy = 0683646228C7D9D30095FEA4 /* PBXContainerItemProxy */;
		};
/* End PBXTargetDependency section */

/* Begin PBXVariantGroup section */
		0683644A28C7D9CD0095FEA4 /* Main.storyboard */ = {
			isa = PBXVariantGroup;
			children = (
				0683644B28C7D9CD0095FEA4 /* Base */,
			);
			name = Main.storyboard;
			sourceTree = "<group>";
		};
		0683644F28C7D9D20095FEA4 /* LaunchScreen.storyboard */ = {
			isa = PBXVariantGroup;
			children = (
				0683645028C7D9D20095FEA4 /* Base */,
			);
			name = LaunchScreen.storyboard;
			sourceTree = "<group>";
		};
/* End PBXVariantGroup section */

/* Begin XCBuildConfiguration section */
		0683646928C7D9D30095FEA4 /* Debug */ = {
			isa = XCBuildConfiguration;
			buildSettings = {
				ALWAYS_SEARCH_USER_PATHS = NO;
				CLANG_ANALYZER_NONNULL = YES;
				CLANG_ANALYZER_NUMBER_OBJECT_CONVERSION = YES_AGGRESSIVE;
				CLANG_CXX_LANGUAGE_STANDARD = "gnu++17";
				CLANG_ENABLE_MODULES = YES;
				CLANG_ENABLE_OBJC_ARC = YES;
				CLANG_ENABLE_OBJC_WEAK = YES;
				CLANG_WARN_BLOCK_CAPTURE_AUTORELEASING = YES;
				CLANG_WARN_BOOL_CONVERSION = YES;
				CLANG_WARN_COMMA = YES;
				CLANG_WARN_CONSTANT_CONVERSION = YES;
				CLANG_WARN_DEPRECATED_OBJC_IMPLEMENTATIONS = YES;
				CLANG_WARN_DIRECT_OBJC_ISA_USAGE = YES_ERROR;
				CLANG_WARN_DOCUMENTATION_COMMENTS = YES;
				CLANG_WARN_EMPTY_BODY = YES;
				CLANG_WARN_ENUM_CONVERSION = YES;
				CLANG_WARN_INFINITE_RECURSION = YES;
				CLANG_WARN_INT_CONVERSION = YES;
				CLANG_WARN_NON_LITERAL_NULL_CONVERSION = YES;
				CLANG_WARN_OBJC_IMPLICIT_RETAIN_SELF = YES;
				CLANG_WARN_OBJC_LITERAL_CONVERSION = YES;
				CLANG_WARN_OBJC_ROOT_CLASS = YES_ERROR;
				CLANG_WARN_QUOTED_INCLUDE_IN_FRAMEWORK_HEADER = YES;
				CLANG_WARN_RANGE_LOOP_ANALYSIS = YES;
				CLANG_WARN_STRICT_PROTOTYPES = YES;
				CLANG_WARN_SUSPICIOUS_MOVE = YES;
				CLANG_WARN_UNGUARDED_AVAILABILITY = YES_AGGRESSIVE;
				CLANG_WARN_UNREACHABLE_CODE = YES;
				CLANG_WARN__DUPLICATE_METHOD_MATCH = YES;
				COPY_PHASE_STRIP = NO;
				DEBUG_INFORMATION_FORMAT = dwarf;
				ENABLE_STRICT_OBJC_MSGSEND = YES;
				ENABLE_TESTABILITY = YES;
				GCC_C_LANGUAGE_STANDARD = gnu11;
				GCC_DYNAMIC_NO_PIC = NO;
				GCC_NO_COMMON_BLOCKS = YES;
				GCC_OPTIMIZATION_LEVEL = 0;
				GCC_PREPROCESSOR_DEFINITIONS = (
					"DEBUG=1",
					"$(inherited)",
				);
				GCC_WARN_64_TO_32_BIT_CONVERSION = YES;
				GCC_WARN_ABOUT_RETURN_TYPE = YES_ERROR;
				GCC_WARN_UNDECLARED_SELECTOR = YES;
				GCC_WARN_UNINITIALIZED_AUTOS = YES_AGGRESSIVE;
				GCC_WARN_UNUSED_FUNCTION = YES;
				GCC_WARN_UNUSED_VARIABLE = YES;
				IPHONEOS_DEPLOYMENT_TARGET = 15.5;
				MTL_ENABLE_DEBUG_INFO = INCLUDE_SOURCE;
				MTL_FAST_MATH = YES;
				ONLY_ACTIVE_ARCH = YES;
				SDKROOT = iphoneos;
				SWIFT_ACTIVE_COMPILATION_CONDITIONS = DEBUG;
				SWIFT_OPTIMIZATION_LEVEL = "-Onone";
			};
			name = Debug;
		};
		0683646A28C7D9D30095FEA4 /* Release */ = {
			isa = XCBuildConfiguration;
			buildSettings = {
				ALWAYS_SEARCH_USER_PATHS = NO;
				CLANG_ANALYZER_NONNULL = YES;
				CLANG_ANALYZER_NUMBER_OBJECT_CONVERSION = YES_AGGRESSIVE;
				CLANG_CXX_LANGUAGE_STANDARD = "gnu++17";
				CLANG_ENABLE_MODULES = YES;
				CLANG_ENABLE_OBJC_ARC = YES;
				CLANG_ENABLE_OBJC_WEAK = YES;
				CLANG_WARN_BLOCK_CAPTURE_AUTORELEASING = YES;
				CLANG_WARN_BOOL_CONVERSION = YES;
				CLANG_WARN_COMMA = YES;
				CLANG_WARN_CONSTANT_CONVERSION = YES;
				CLANG_WARN_DEPRECATED_OBJC_IMPLEMENTATIONS = YES;
				CLANG_WARN_DIRECT_OBJC_ISA_USAGE = YES_ERROR;
				CLANG_WARN_DOCUMENTATION_COMMENTS = YES;
				CLANG_WARN_EMPTY_BODY = YES;
				CLANG_WARN_ENUM_CONVERSION = YES;
				CLANG_WARN_INFINITE_RECURSION = YES;
				CLANG_WARN_INT_CONVERSION = YES;
				CLANG_WARN_NON_LITERAL_NULL_CONVERSION = YES;
				CLANG_WARN_OBJC_IMPLICIT_RETAIN_SELF = YES;
				CLANG_WARN_OBJC_LITERAL_CONVERSION = YES;
				CLANG_WARN_OBJC_ROOT_CLASS = YES_ERROR;
				CLANG_WARN_QUOTED_INCLUDE_IN_FRAMEWORK_HEADER = YES;
				CLANG_WARN_RANGE_LOOP_ANALYSIS = YES;
				CLANG_WARN_STRICT_PROTOTYPES = YES;
				CLANG_WARN_SUSPICIOUS_MOVE = YES;
				CLANG_WARN_UNGUARDED_AVAILABILITY = YES_AGGRESSIVE;
				CLANG_WARN_UNREACHABLE_CODE = YES;
				CLANG_WARN__DUPLICATE_METHOD_MATCH = YES;
				COPY_PHASE_STRIP = NO;
				DEBUG_INFORMATION_FORMAT = "dwarf-with-dsym";
				ENABLE_NS_ASSERTIONS = NO;
				ENABLE_STRICT_OBJC_MSGSEND = YES;
				GCC_C_LANGUAGE_STANDARD = gnu11;
				GCC_NO_COMMON_BLOCKS = YES;
				GCC_WARN_64_TO_32_BIT_CONVERSION = YES;
				GCC_WARN_ABOUT_RETURN_TYPE = YES_ERROR;
				GCC_WARN_UNDECLARED_SELECTOR = YES;
				GCC_WARN_UNINITIALIZED_AUTOS = YES_AGGRESSIVE;
				GCC_WARN_UNUSED_FUNCTION = YES;
				GCC_WARN_UNUSED_VARIABLE = YES;
				IPHONEOS_DEPLOYMENT_TARGET = 15.5;
				MTL_ENABLE_DEBUG_INFO = NO;
				MTL_FAST_MATH = YES;
				SDKROOT = iphoneos;
				SWIFT_COMPILATION_MODE = wholemodule;
				SWIFT_OPTIMIZATION_LEVEL = "-O";
				VALIDATE_PRODUCT = YES;
			};
			name = Release;
		};
		0683646C28C7D9D30095FEA4 /* Debug */ = {
			isa = XCBuildConfiguration;
			buildSettings = {
				ASSETCATALOG_COMPILER_APPICON_NAME = AppIcon;
				ASSETCATALOG_COMPILER_GLOBAL_ACCENT_COLOR_NAME = AccentColor;
				CODE_SIGN_STYLE = Automatic;
				CURRENT_PROJECT_VERSION = 1;
				GENERATE_INFOPLIST_FILE = YES;
				INFOPLIST_FILE = LifeCycle/Info.plist;
				INFOPLIST_KEY_UIApplicationSupportsIndirectInputEvents = YES;
				INFOPLIST_KEY_UILaunchStoryboardName = LaunchScreen;
				INFOPLIST_KEY_UIMainStoryboardFile = Main;
				INFOPLIST_KEY_UISupportedInterfaceOrientations_iPad = "UIInterfaceOrientationPortrait UIInterfaceOrientationPortraitUpsideDown UIInterfaceOrientationLandscapeLeft UIInterfaceOrientationLandscapeRight";
				INFOPLIST_KEY_UISupportedInterfaceOrientations_iPhone = "UIInterfaceOrientationPortrait UIInterfaceOrientationLandscapeLeft UIInterfaceOrientationLandscapeRight";
				LD_RUNPATH_SEARCH_PATHS = (
					"$(inherited)",
					"@executable_path/Frameworks",
				);
				MARKETING_VERSION = 1.0;
				PRODUCT_BUNDLE_IDENTIFIER = "iOS-Lab.LifeCycle";
				PRODUCT_NAME = "$(TARGET_NAME)";
				SWIFT_EMIT_LOC_STRINGS = YES;
				SWIFT_VERSION = 5.0;
				TARGETED_DEVICE_FAMILY = "1,2";
			};
			name = Debug;
		};
		0683646D28C7D9D30095FEA4 /* Release */ = {
			isa = XCBuildConfiguration;
			buildSettings = {
				ASSETCATALOG_COMPILER_APPICON_NAME = AppIcon;
				ASSETCATALOG_COMPILER_GLOBAL_ACCENT_COLOR_NAME = AccentColor;
				CODE_SIGN_STYLE = Automatic;
				CURRENT_PROJECT_VERSION = 1;
				GENERATE_INFOPLIST_FILE = YES;
				INFOPLIST_FILE = LifeCycle/Info.plist;
				INFOPLIST_KEY_UIApplicationSupportsIndirectInputEvents = YES;
				INFOPLIST_KEY_UILaunchStoryboardName = LaunchScreen;
				INFOPLIST_KEY_UIMainStoryboardFile = Main;
				INFOPLIST_KEY_UISupportedInterfaceOrientations_iPad = "UIInterfaceOrientationPortrait UIInterfaceOrientationPortraitUpsideDown UIInterfaceOrientationLandscapeLeft UIInterfaceOrientationLandscapeRight";
				INFOPLIST_KEY_UISupportedInterfaceOrientations_iPhone = "UIInterfaceOrientationPortrait UIInterfaceOrientationLandscapeLeft UIInterfaceOrientationLandscapeRight";
				LD_RUNPATH_SEARCH_PATHS = (
					"$(inherited)",
					"@executable_path/Frameworks",
				);
				MARKETING_VERSION = 1.0;
				PRODUCT_BUNDLE_IDENTIFIER = "iOS-Lab.LifeCycle";
				PRODUCT_NAME = "$(TARGET_NAME)";
				SWIFT_EMIT_LOC_STRINGS = YES;
				SWIFT_VERSION = 5.0;
				TARGETED_DEVICE_FAMILY = "1,2";
			};
			name = Release;
		};
		0683646F28C7D9D30095FEA4 /* Debug */ = {
			isa = XCBuildConfiguration;
			buildSettings = {
				ALWAYS_EMBED_SWIFT_STANDARD_LIBRARIES = YES;
				BUNDLE_LOADER = "$(TEST_HOST)";
				CODE_SIGN_STYLE = Automatic;
				CURRENT_PROJECT_VERSION = 1;
				GENERATE_INFOPLIST_FILE = YES;
				IPHONEOS_DEPLOYMENT_TARGET = 15.5;
				MARKETING_VERSION = 1.0;
				PRODUCT_BUNDLE_IDENTIFIER = "iOS-Lab.LifeCycleTests";
				PRODUCT_NAME = "$(TARGET_NAME)";
				SWIFT_EMIT_LOC_STRINGS = NO;
				SWIFT_VERSION = 5.0;
				TARGETED_DEVICE_FAMILY = "1,2";
				TEST_HOST = "$(BUILT_PRODUCTS_DIR)/LifeCycle.app/LifeCycle";
			};
			name = Debug;
		};
		0683647028C7D9D30095FEA4 /* Release */ = {
			isa = XCBuildConfiguration;
			buildSettings = {
				ALWAYS_EMBED_SWIFT_STANDARD_LIBRARIES = YES;
				BUNDLE_LOADER = "$(TEST_HOST)";
				CODE_SIGN_STYLE = Automatic;
				CURRENT_PROJECT_VERSION = 1;
				GENERATE_INFOPLIST_FILE = YES;
				IPHONEOS_DEPLOYMENT_TARGET = 15.5;
				MARKETING_VERSION = 1.0;
				PRODUCT_BUNDLE_IDENTIFIER = "iOS-Lab.LifeCycleTests";
				PRODUCT_NAME = "$(TARGET_NAME)";
				SWIFT_EMIT_LOC_STRINGS = NO;
				SWIFT_VERSION = 5.0;
				TARGETED_DEVICE_FAMILY = "1,2";
				TEST_HOST = "$(BUILT_PRODUCTS_DIR)/LifeCycle.app/LifeCycle";
			};
			name = Release;
		};
		0683647228C7D9D30095FEA4 /* Debug */ = {
			isa = XCBuildConfiguration;
			buildSettings = {
				ALWAYS_EMBED_SWIFT_STANDARD_LIBRARIES = YES;
				CODE_SIGN_STYLE = Automatic;
				CURRENT_PROJECT_VERSION = 1;
				GENERATE_INFOPLIST_FILE = YES;
				MARKETING_VERSION = 1.0;
				PRODUCT_BUNDLE_IDENTIFIER = "iOS-Lab.LifeCycleUITests";
				PRODUCT_NAME = "$(TARGET_NAME)";
				SWIFT_EMIT_LOC_STRINGS = NO;
				SWIFT_VERSION = 5.0;
				TARGETED_DEVICE_FAMILY = "1,2";
				TEST_TARGET_NAME = LifeCycle;
			};
			name = Debug;
		};
		0683647328C7D9D30095FEA4 /* Release */ = {
			isa = XCBuildConfiguration;
			buildSettings = {
				ALWAYS_EMBED_SWIFT_STANDARD_LIBRARIES = YES;
				CODE_SIGN_STYLE = Automatic;
				CURRENT_PROJECT_VERSION = 1;
				GENERATE_INFOPLIST_FILE = YES;
				MARKETING_VERSION = 1.0;
				PRODUCT_BUNDLE_IDENTIFIER = "iOS-Lab.LifeCycleUITests";
				PRODUCT_NAME = "$(TARGET_NAME)";
				SWIFT_EMIT_LOC_STRINGS = NO;
				SWIFT_VERSION = 5.0;
				TARGETED_DEVICE_FAMILY = "1,2";
				TEST_TARGET_NAME = LifeCycle;
			};
			name = Release;
		};
/* End XCBuildConfiguration section */

/* Begin XCConfigurationList section */
		0683643C28C7D9CD0095FEA4 /* Build configuration list for PBXProject "LifeCycle" */ = {
			isa = XCConfigurationList;
			buildConfigurations = (
				0683646928C7D9D30095FEA4 /* Debug */,
				0683646A28C7D9D30095FEA4 /* Release */,
			);
			defaultConfigurationIsVisible = 0;
			defaultConfigurationName = Release;
		};
		0683646B28C7D9D30095FEA4 /* Build configuration list for PBXNativeTarget "LifeCycle" */ = {
			isa = XCConfigurationList;
			buildConfigurations = (
				0683646C28C7D9D30095FEA4 /* Debug */,
				0683646D28C7D9D30095FEA4 /* Release */,
			);
			defaultConfigurationIsVisible = 0;
			defaultConfigurationName = Release;
		};
		0683646E28C7D9D30095FEA4 /* Build configuration list for PBXNativeTarget "LifeCycleTests" */ = {
			isa = XCConfigurationList;
			buildConfigurations = (
				0683646F28C7D9D30095FEA4 /* Debug */,
				0683647028C7D9D30095FEA4 /* Release */,
			);
			defaultConfigurationIsVisible = 0;
			defaultConfigurationName = Release;
		};
		0683647128C7D9D30095FEA4 /* Build configuration list for PBXNativeTarget "LifeCycleUITests" */ = {
			isa = XCConfigurationList;
			buildConfigurations = (
				0683647228C7D9D30095FEA4 /* Debug */,
				0683647328C7D9D30095FEA4 /* Release */,
			);
			defaultConfigurationIsVisible = 0;
			defaultConfigurationName = Release;
		};
/* End XCConfigurationList section */
	};
	rootObject = 0683643928C7D9CD0095FEA4 /* Project object */;
}
